
Microsoft Visual Studio Solution File, Format Version 12.00
# Visual Studio 14
VisualStudioVersion = 14.0.25420.1
MinimumVisualStudioVersion = 10.0.40219.1
Project("{2150E333-8FDC-42A3-9474-1A3956D46DE8}") = "UI", "UI", "{6954B9FE-AB7F-4A84-819A-00D4A65483DF}"
EndProject
Project("{2150E333-8FDC-42A3-9474-1A3956D46DE8}") = "Common", "Common", "{F0ECE8C9-A300-4718-8961-88E4C3EAF5D1}"
EndProject
Project("{FAE04EC0-301F-11D3-BF4B-00C04F79EFBC}") = "ODataTools.Shell", "UI\ODataTools.Shell\ODataTools.Shell.csproj", "{78237BEA-CB2E-4351-B928-1B66128488BE}"
EndProject
Project("{2150E333-8FDC-42A3-9474-1A3956D46DE8}") = "Modules", "Modules", "{ADA1F648-97E0-4CE1-8ADA-EBFA6A2488D8}"
EndProject
Project("{FAE04EC0-301F-11D3-BF4B-00C04F79EFBC}") = "ODataTools.DtoGenerator", "Modules\ODataTools.DtoGenerator\ODataTools.DtoGenerator.csproj", "{DFD39F9E-7273-432A-A37B-59BA7E81668A}"
EndProject
Project("{FAE04EC0-301F-11D3-BF4B-00C04F79EFBC}") = "ODataTools.Infrastructure", "Common\ODataTools.Infrastructure\ODataTools.Infrastructure.csproj", "{E9A1DE85-834F-4DE7-9C06-AE773D02DAAC}"
EndProject
Project("{FAE04EC0-301F-11D3-BF4B-00C04F79EFBC}") = "ODataTools.Core", "Common\ODataTools.Core\ODataTools.Core.csproj", "{0E3D39EE-F979-4810-A2EC-0AF49746410E}"
EndProject
Project("{FAE04EC0-301F-11D3-BF4B-00C04F79EFBC}") = "ODataTools.Styling", "UI\ODataTools.Styling\ODataTools.Styling.csproj", "{C7F3677C-8139-429A-B694-580777E5F61B}"
EndProject
Project("{2150E333-8FDC-42A3-9474-1A3956D46DE8}") = "Reader", "Reader", "{6C137FC8-F5A9-4146-908D-9111DB63C032}"
EndProject
Project("{FAE04EC0-301F-11D3-BF4B-00C04F79EFBC}") = "ODataTools.Reader.V3", "Reader\ODataTools.Reader.V3\ODataTools.Reader.V3.csproj", "{A1ED9472-0AC0-4369-99BD-F64B2F918770}"
EndProject
Project("{FAE04EC0-301F-11D3-BF4B-00C04F79EFBC}") = "ODataTools.Reader.V4", "Reader\ODataTools.Reader.V4\ODataTools.Reader.V4.csproj", "{F5830C5A-2112-49CC-84F0-70C6FC55219F}"
EndProject
Project("{FAE04EC0-301F-11D3-BF4B-00C04F79EFBC}") = "ODataTools.Reader.V3.Contracts", "Reader\ODataTools.Reader.V3.Contracts\ODataTools.Reader.V3.Contracts.csproj", "{F4B029CD-9F09-44C1-B13D-9D32526CD9FF}"
EndProject
Project("{FAE04EC0-301F-11D3-BF4B-00C04F79EFBC}") = "ODataTools.Reader.Common", "Reader\ODataTools.Reader.Common\ODataTools.Reader.Common.csproj", "{85077816-D651-4F75-8CC2-3435AE40B21D}"
EndProject
Project("{FAE04EC0-301F-11D3-BF4B-00C04F79EFBC}") = "ODataTools.Reader", "Reader\ODataTools.Reader\ODataTools.Reader.csproj", "{14EC2F33-CDD1-4139-905C-E4FA2C6C6B5B}"
EndProject
Project("{FAE04EC0-301F-11D3-BF4B-00C04F79EFBC}") = "ODataTools.ModelVisualizer", "Modules\ODataTools.ModelVisualizer\ODataTools.ModelVisualizer.csproj", "{A2B92157-74E8-403B-A8FC-0C90D685446E}"
EndProject
Project("{FAE04EC0-301F-11D3-BF4B-00C04F79EFBC}") = "ODataTools.ModelVisualizer.Contracts", "Modules\ODataTools.ModelVisualizer.Contracts\ODataTools.ModelVisualizer.Contracts.csproj", "{C9FB969F-042B-43DB-9149-BF096CA3B480}"
EndProject
Project("{FAE04EC0-301F-11D3-BF4B-00C04F79EFBC}") = "ODataTools.DtoGenerator.Contracts", "Modules\ODataTools.DtoGenerator.Contracts\ODataTools.DtoGenerator.Contracts.csproj", "{0B5455DC-3C71-4875-99FB-35CBEFAF4802}"
EndProject
Global
	GlobalSection(SolutionConfigurationPlatforms) = preSolution
		Debug|Any CPU = Debug|Any CPU
		Release|Any CPU = Release|Any CPU
	EndGlobalSection
	GlobalSection(ProjectConfigurationPlatforms) = postSolution
		{78237BEA-CB2E-4351-B928-1B66128488BE}.Debug|Any CPU.ActiveCfg = Debug|Any CPU
		{78237BEA-CB2E-4351-B928-1B66128488BE}.Debug|Any CPU.Build.0 = Debug|Any CPU
		{78237BEA-CB2E-4351-B928-1B66128488BE}.Release|Any CPU.ActiveCfg = Release|Any CPU
		{78237BEA-CB2E-4351-B928-1B66128488BE}.Release|Any CPU.Build.0 = Release|Any CPU
		{DFD39F9E-7273-432A-A37B-59BA7E81668A}.Debug|Any CPU.ActiveCfg = Debug|Any CPU
		{DFD39F9E-7273-432A-A37B-59BA7E81668A}.Debug|Any CPU.Build.0 = Debug|Any CPU
		{DFD39F9E-7273-432A-A37B-59BA7E81668A}.Release|Any CPU.ActiveCfg = Release|Any CPU
		{DFD39F9E-7273-432A-A37B-59BA7E81668A}.Release|Any CPU.Build.0 = Release|Any CPU
		{E9A1DE85-834F-4DE7-9C06-AE773D02DAAC}.Debug|Any CPU.ActiveCfg = Debug|Any CPU
		{E9A1DE85-834F-4DE7-9C06-AE773D02DAAC}.Debug|Any CPU.Build.0 = Debug|Any CPU
		{E9A1DE85-834F-4DE7-9C06-AE773D02DAAC}.Release|Any CPU.ActiveCfg = Release|Any CPU
		{E9A1DE85-834F-4DE7-9C06-AE773D02DAAC}.Release|Any CPU.Build.0 = Release|Any CPU
		{0E3D39EE-F979-4810-A2EC-0AF49746410E}.Debug|Any CPU.ActiveCfg = Debug|Any CPU
		{0E3D39EE-F979-4810-A2EC-0AF49746410E}.Debug|Any CPU.Build.0 = Debug|Any CPU
		{0E3D39EE-F979-4810-A2EC-0AF49746410E}.Release|Any CPU.ActiveCfg = Release|Any CPU
		{0E3D39EE-F979-4810-A2EC-0AF49746410E}.Release|Any CPU.Build.0 = Release|Any CPU
		{C7F3677C-8139-429A-B694-580777E5F61B}.Debug|Any CPU.ActiveCfg = Debug|Any CPU
		{C7F3677C-8139-429A-B694-580777E5F61B}.Debug|Any CPU.Build.0 = Debug|Any CPU
		{C7F3677C-8139-429A-B694-580777E5F61B}.Release|Any CPU.ActiveCfg = Release|Any CPU
		{C7F3677C-8139-429A-B694-580777E5F61B}.Release|Any CPU.Build.0 = Release|Any CPU
		{A1ED9472-0AC0-4369-99BD-F64B2F918770}.Debug|Any CPU.ActiveCfg = Debug|Any CPU
		{A1ED9472-0AC0-4369-99BD-F64B2F918770}.Debug|Any CPU.Build.0 = Debug|Any CPU
		{A1ED9472-0AC0-4369-99BD-F64B2F918770}.Release|Any CPU.ActiveCfg = Release|Any CPU
		{A1ED9472-0AC0-4369-99BD-F64B2F918770}.Release|Any CPU.Build.0 = Release|Any CPU
		{F5830C5A-2112-49CC-84F0-70C6FC55219F}.Debug|Any CPU.ActiveCfg = Debug|Any CPU
		{F5830C5A-2112-49CC-84F0-70C6FC55219F}.Debug|Any CPU.Build.0 = Debug|Any CPU
		{F5830C5A-2112-49CC-84F0-70C6FC55219F}.Release|Any CPU.ActiveCfg = Release|Any CPU
		{F5830C5A-2112-49CC-84F0-70C6FC55219F}.Release|Any CPU.Build.0 = Release|Any CPU
		{F4B029CD-9F09-44C1-B13D-9D32526CD9FF}.Debug|Any CPU.ActiveCfg = Debug|Any CPU
		{F4B029CD-9F09-44C1-B13D-9D32526CD9FF}.Debug|Any CPU.Build.0 = Debug|Any CPU
		{F4B029CD-9F09-44C1-B13D-9D32526CD9FF}.Release|Any CPU.ActiveCfg = Release|Any CPU
		{F4B029CD-9F09-44C1-B13D-9D32526CD9FF}.Release|Any CPU.Build.0 = Release|Any CPU
		{85077816-D651-4F75-8CC2-3435AE40B21D}.Debug|Any CPU.ActiveCfg = Debug|Any CPU
		{85077816-D651-4F75-8CC2-3435AE40B21D}.Debug|Any CPU.Build.0 = Debug|Any CPU
		{85077816-D651-4F75-8CC2-3435AE40B21D}.Release|Any CPU.ActiveCfg = Release|Any CPU
		{85077816-D651-4F75-8CC2-3435AE40B21D}.Release|Any CPU.Build.0 = Release|Any CPU
		{14EC2F33-CDD1-4139-905C-E4FA2C6C6B5B}.Debug|Any CPU.ActiveCfg = Debug|Any CPU
		{14EC2F33-CDD1-4139-905C-E4FA2C6C6B5B}.Debug|Any CPU.Build.0 = Debug|Any CPU
		{14EC2F33-CDD1-4139-905C-E4FA2C6C6B5B}.Release|Any CPU.ActiveCfg = Release|Any CPU
		{14EC2F33-CDD1-4139-905C-E4FA2C6C6B5B}.Release|Any CPU.Build.0 = Release|Any CPU
		{A2B92157-74E8-403B-A8FC-0C90D685446E}.Debug|Any CPU.ActiveCfg = Debug|Any CPU
		{A2B92157-74E8-403B-A8FC-0C90D685446E}.Debug|Any CPU.Build.0 = Debug|Any CPU
		{A2B92157-74E8-403B-A8FC-0C90D685446E}.Release|Any CPU.ActiveCfg = Release|Any CPU
		{A2B92157-74E8-403B-A8FC-0C90D685446E}.Release|Any CPU.Build.0 = Release|Any CPU
		{C9FB969F-042B-43DB-9149-BF096CA3B480}.Debug|Any CPU.ActiveCfg = Debug|Any CPU
		{C9FB969F-042B-43DB-9149-BF096CA3B480}.Debug|Any CPU.Build.0 = Debug|Any CPU
		{C9FB969F-042B-43DB-9149-BF096CA3B480}.Release|Any CPU.ActiveCfg = Release|Any CPU
		{C9FB969F-042B-43DB-9149-BF096CA3B480}.Release|Any CPU.Build.0 = Release|Any CPU
		{0B5455DC-3C71-4875-99FB-35CBEFAF4802}.Debug|Any CPU.ActiveCfg = Debug|Any CPU
		{0B5455DC-3C71-4875-99FB-35CBEFAF4802}.Debug|Any CPU.Build.0 = Debug|Any CPU
		{0B5455DC-3C71-4875-99FB-35CBEFAF4802}.Release|Any CPU.ActiveCfg = Release|Any CPU
		{0B5455DC-3C71-4875-99FB-35CBEFAF4802}.Release|Any CPU.Build.0 = Release|Any CPU
	EndGlobalSection
	GlobalSection(SolutionProperties) = preSolution
		HideSolutionNode = FALSE
	EndGlobalSection
	GlobalSection(NestedProjects) = preSolution
		{78237BEA-CB2E-4351-B928-1B66128488BE} = {6954B9FE-AB7F-4A84-819A-00D4A65483DF}
		{DFD39F9E-7273-432A-A37B-59BA7E81668A} = {ADA1F648-97E0-4CE1-8ADA-EBFA6A2488D8}
		{E9A1DE85-834F-4DE7-9C06-AE773D02DAAC} = {F0ECE8C9-A300-4718-8961-88E4C3EAF5D1}
		{0E3D39EE-F979-4810-A2EC-0AF49746410E} = {F0ECE8C9-A300-4718-8961-88E4C3EAF5D1}
		{C7F3677C-8139-429A-B694-580777E5F61B} = {6954B9FE-AB7F-4A84-819A-00D4A65483DF}
		{A1ED9472-0AC0-4369-99BD-F64B2F918770} = {6C137FC8-F5A9-4146-908D-9111DB63C032}
		{F5830C5A-2112-49CC-84F0-70C6FC55219F} = {6C137FC8-F5A9-4146-908D-9111DB63C032}
		{F4B029CD-9F09-44C1-B13D-9D32526CD9FF} = {6C137FC8-F5A9-4146-908D-9111DB63C032}
		{85077816-D651-4F75-8CC2-3435AE40B21D} = {6C137FC8-F5A9-4146-908D-9111DB63C032}
		{14EC2F33-CDD1-4139-905C-E4FA2C6C6B5B} = {6C137FC8-F5A9-4146-908D-9111DB63C032}
		{A2B92157-74E8-403B-A8FC-0C90D685446E} = {ADA1F648-97E0-4CE1-8ADA-EBFA6A2488D8}
		{C9FB969F-042B-43DB-9149-BF096CA3B480} = {ADA1F648-97E0-4CE1-8ADA-EBFA6A2488D8}
		{0B5455DC-3C71-4875-99FB-35CBEFAF4802} = {ADA1F648-97E0-4CE1-8ADA-EBFA6A2488D8}
	EndGlobalSection
EndGlobal
